<?xml version="1.0" encoding="UTF-8" standalone="yes" ?>
<CodeBlocks_project_file>
	<FileVersion major="1" minor="6" />
	<Project>
		<Option title="Win_top" />
		<Option pch_mode="2" />
		<Option compiler="msvc10" />
		<Option virtualFolders="Plugin\;Imp\;Util\;" />
		<Build>
			<Target title="Debug">
				<Option output="C:/Users/Zhiep/Documents/GitHub/Foriou/App/Debug/Exe/Win_top" prefix_auto="1" extension_auto="1" />
				<Option object_output="C:/Users/Zhiep/Documents/GitHub/Foriou/App/Debug/Obj/" />
				<Option type="3" />
				<Option compiler="msvc10" />
				<Compiler>
					<Add option="/W3" />
					<Add option="/MTd" />
					<Add option="/DBUILD_DLL" />
					<Add option="/D_DEBUG" />
				</Compiler>
				<Linker>
					<Add option="/INCREMENTAL:NO" />
					<Add library="C:\Users\Zhiep\Documents\GitHub\Foriou\Foriou\DirectUI\Project\Common\Static_Debug_2012\UiLib_d.lib" />
				</Linker>
				<ExtraCommands>
					<Add after='mt.exe /nologo /manifest &quot;C:\Users\Zhiep\Documents\GitHub\Foriou\App\Debug\Exe\Win_top.dll.manifest&quot; /outputresource:&quot;C:\Users\Zhiep\Documents\GitHub\Foriou\App\Debug\Exe\Win_top.dll&quot;;2' />
				</ExtraCommands>
			</Target>
			<Target title="Release">
				<Option output="C:/Users/Zhiep/Documents/GitHub/Foriou/App/Release/Exe/Win_top" prefix_auto="1" extension_auto="1" />
				<Option object_output="C:/Users/Zhiep/Documents/GitHub/Foriou/App/Release/Obj/" />
				<Option type="3" />
				<Option compiler="msvc10" />
				<Option createDefFile="1" />
				<Compiler>
					<Add option="/MD" />
					<Add option="/Ox" />
					<Add option="/W3" />
					<Add option="/DBUILD_DLL" />
					<Add option="/DNDEBUG" />
				</Compiler>
				<Linker>
					<Add option="/INCREMENTAL:NO" />
					<Add library="user32" />
					<Add library="C:\Users\Zhiep\Documents\GitHub\Foriou\Foriou\DirectUI\Project\UiLib\UiLib.lib" />
				</Linker>
				<ExtraCommands>
					<Add after='mt.exe /nologo /manifest &quot;C:\Users\Zhiep\Documents\GitHub\Foriou\App\Release\Exe\Win_top.dll.manifest&quot; /outputresource:&quot;C:\Users\Zhiep\Documents\GitHub\Foriou\App\Release\Exe\Win_top.dll&quot;;2' />
				</ExtraCommands>
			</Target>
		</Build>
		<Compiler>
			<Add option="/W3" />
			<Add option="/DUNICODE" />
			<Add option="/D_UNICODE" />
			<Add option="/D_WIN32" />
			<Add option="/DWIN32" />
			<Add option="/DWINDOWS" />
			<Add option="/D_WINDOWS" />
			<Add option="/DFY_PLUGIN_EXPORTS" />
			<Add directory="$(#psdk.include)" />
			<Add directory="C:/Users/Zhiep/Documents/GitHub/Foriou/Foriou/" />
		</Compiler>
		<Linker>
			<Add library="gdi32" />
			<Add library="user32" />
			<Add library="kernel32" />
			<Add library="comctl32" />
			<Add directory="$(#psdk.lib)" />
		</Linker>
		<Unit filename="../Core/IPlugin.h">
			<Option virtualFolder="Plugin/" />
		</Unit>
		<Unit filename="../Util/Utility.cpp">
			<Option virtualFolder="Util/" />
		</Unit>
		<Unit filename="../Util/Utility.h">
			<Option virtualFolder="Util/" />
		</Unit>
		<Unit filename="../Util/Win_base.cpp">
			<Option virtualFolder="Util/" />
		</Unit>
		<Unit filename="../Util/Win_base.h">
			<Option virtualFolder="Util/" />
		</Unit>
		<Unit filename="Plugin_app.cpp">
			<Option virtualFolder="Imp/" />
		</Unit>
		<Unit filename="Plugin_app.h">
			<Option virtualFolder="Imp/" />
		</Unit>
		<Unit filename="Plugin_view.cpp">
			<Option virtualFolder="Imp/" />
		</Unit>
		<Unit filename="Plugin_view.h">
			<Option virtualFolder="Imp/" />
		</Unit>
		<Unit filename="Win_top.cpp">
			<Option virtualFolder="Imp/" />
		</Unit>
		<Unit filename="Win_top.h">
			<Option virtualFolder="Imp/" />
		</Unit>
		<Extensions>
			<code_completion />
			<envvars />
			<debugger />
			<lib_finder disable_auto="1" />
		</Extensions>
	</Project>
</CodeBlocks_project_file>
