<?xml version="1.0" encoding="UTF-8" standalone="yes" ?>
<CodeBlocks_project_file>
	<FileVersion major="1" minor="6" />
	<Project>
		<Option title="Core" />
		<Option pch_mode="2" />
		<Option compiler="msvc10" />
		<Option virtualFolders="Plugin\;Core\;Shell\;Util\;Shell\Shell_imp\;Shell\Main_win\;Shell\Dialog\;" />
		<Build>
			<Target title="Debug">
				<Option output="C:/Users/Zhiep/Documents/GitHub/Foriou/App/Debug/Exe/Foriou" prefix_auto="1" extension_auto="1" />
				<Option working_dir="C:/Users/Zhiep/Documents/GitHub/Foriou/App/Debug/Exe/" />
				<Option object_output="C:/Users/Zhiep/Documents/GitHub/Foriou/App/Debug/Obj/" />
				<Option type="0" />
				<Option compiler="msvc10" />
				<Compiler>
					<Add option="/MTd" />
					<Add option="/D_DEBUG" />
				</Compiler>
				<Linker>
					<Add library="C:\Users\Zhiep\Documents\GitHub\Foriou\Foriou\DirectUI\Project\Common\Static_Debug_2012\UiLib_d.lib" />
				</Linker>
			</Target>
			<Target title="Release">
				<Option output="C:/Users/Zhiep/Documents/GitHub/Foriou/App/Release/Exe/Foriou" prefix_auto="1" extension_auto="1" />
				<Option working_dir="C:/Users/Zhiep/Documents/GitHub/Foriou/App/Release/Exe/" />
				<Option object_output="C:/Users/Zhiep/Documents/GitHub/Foriou/App/Release/Obj/" />
				<Option type="0" />
				<Option compiler="msvc10" />
				<Compiler>
					<Add option="/MD" />
					<Add option="/Ot" />
					<Add option="/Ox" />
					<Add option="/DNDEBUG" />
				</Compiler>
				<Linker>
					<Add library="C:\Users\Zhiep\Documents\GitHub\Foriou\Foriou\DirectUI\Project\UiLib\UiLib.lib" />
				</Linker>
			</Target>
		</Build>
		<Compiler>
			<Add option="/W3" />
			<Add option="/DUNICODE" />
			<Add option="/D_UNICODE" />
			<Add option="/D_WIN32" />
			<Add option="/DWIN32" />
			<Add option="/DWINDOWS" />
			<Add option="/D_WINDOWS" />
			<Add directory="$(#psdk.include)" />
			<Add directory="C:/Users/Zhiep/Documents/GitHub/Foriou/Foriou/" />
		</Compiler>
		<Linker>
			<Add library="gdi32" />
			<Add library="user32" />
			<Add library="kernel32" />
			<Add library="comctl32" />
			<Add directory="$(#psdk.lib)" />
		</Linker>
		<Unit filename="../Shell/Detail/Shell_imp.cpp">
			<Option virtualFolder="Shell/Shell_imp/" />
		</Unit>
		<Unit filename="../Shell/Detail/Shell_imp.h">
			<Option virtualFolder="Shell/Shell_imp/" />
		</Unit>
		<Unit filename="../Shell/Input_dialog.cpp">
			<Option virtualFolder="Shell/Dialog/" />
		</Unit>
		<Unit filename="../Shell/Input_dialog.h">
			<Option virtualFolder="Shell/Dialog/" />
		</Unit>
		<Unit filename="../Shell/Main_win.cpp">
			<Option virtualFolder="Shell/Main_win/" />
		</Unit>
		<Unit filename="../Shell/Main_win.h">
			<Option virtualFolder="Shell/Main_win/" />
		</Unit>
		<Unit filename="../Shell/Notify_dialog.cpp">
			<Option virtualFolder="Shell/Dialog/" />
		</Unit>
		<Unit filename="../Shell/Notify_dialog.h">
			<Option virtualFolder="Shell/Dialog/" />
		</Unit>
		<Unit filename="../Shell/Query_dialog.cpp">
			<Option virtualFolder="Shell/Dialog/" />
		</Unit>
		<Unit filename="../Shell/Query_dialog.h">
			<Option virtualFolder="Shell/Dialog/" />
		</Unit>
		<Unit filename="../Shell/Shell.cpp">
			<Option virtualFolder="Shell/" />
		</Unit>
		<Unit filename="../Shell/Shell.h">
			<Option virtualFolder="Shell/" />
		</Unit>
		<Unit filename="../Shell/Timed_dialog.cpp">
			<Option virtualFolder="Shell/Dialog/" />
		</Unit>
		<Unit filename="../Shell/Timed_dialog.h">
			<Option virtualFolder="Shell/Dialog/" />
		</Unit>
		<Unit filename="../Util/Animator.cpp">
			<Option virtualFolder="Util/" />
		</Unit>
		<Unit filename="../Util/Animator.h">
			<Option virtualFolder="Util/" />
		</Unit>
		<Unit filename="../Util/Utility.cpp">
			<Option virtualFolder="Util/" />
		</Unit>
		<Unit filename="../Util/Utility.h">
			<Option virtualFolder="Util/" />
		</Unit>
		<Unit filename="../Util/Win_base.cpp">
			<Option virtualFolder="Util/" />
		</Unit>
		<Unit filename="../Util/Win_base.h">
			<Option virtualFolder="Util/" />
		</Unit>
		<Unit filename="Common_def.h">
			<Option virtualFolder="Core/" />
		</Unit>
		<Unit filename="Core.cpp">
			<Option virtualFolder="Core/" />
		</Unit>
		<Unit filename="Core.h">
			<Option virtualFolder="Core/" />
		</Unit>
		<Unit filename="Error_handle.cpp">
			<Option virtualFolder="Core/" />
		</Unit>
		<Unit filename="Error_handle.h">
			<Option virtualFolder="Core/" />
		</Unit>
		<Unit filename="IPlugin.h">
			<Option virtualFolder="Plugin/" />
		</Unit>
		<Unit filename="Log.h">
			<Option virtualFolder="Core/" />
		</Unit>
		<Unit filename="Main.cpp" />
		<Unit filename="Menu.cpp">
			<Option virtualFolder="Core/" />
		</Unit>
		<Unit filename="Menu.h">
			<Option virtualFolder="Core/" />
		</Unit>
		<Unit filename="Plugin_loader.cpp">
			<Option virtualFolder="Plugin/" />
		</Unit>
		<Unit filename="Plugin_loader.h">
			<Option virtualFolder="Plugin/" />
		</Unit>
		<Unit filename="Plugin_manager.cpp">
			<Option virtualFolder="Core/" />
		</Unit>
		<Unit filename="Plugin_manager.h">
			<Option virtualFolder="Core/" />
		</Unit>
		<Unit filename="Tray_icon.cpp">
			<Option virtualFolder="Core/" />
		</Unit>
		<Unit filename="Tray_icon.h">
			<Option virtualFolder="Core/" />
		</Unit>
		<Extensions>
			<code_completion />
			<envvars />
			<debugger />
			<lib_finder disable_auto="1" />
		</Extensions>
	</Project>
</CodeBlocks_project_file>
